
Microsoft Visual Studio Solution File, Format Version 12.00
# Visual Studio Version 17
VisualStudioVersion = 17.3.32929.385
MinimumVisualStudioVersion = 10.0.40219.1
Project("{FAE04EC0-301F-11D3-BF4B-00C04F79EFBC}") = "staticandsealedandnullabletask", "staticandsealedandnullabletask\staticandsealedandnullabletask.csproj", "{6499368B-AC02-40F4-80C8-02017934EB88}"
EndProject
Global
	GlobalSection(SolutionConfigurationPlatforms) = preSolution
		Debug|Any CPU = Debug|Any CPU
		Release|Any CPU = Release|Any CPU
	EndGlobalSection
	GlobalSection(ProjectConfigurationPlatforms) = postSolution
		{6499368B-AC02-40F4-80C8-02017934EB88}.Debug|Any CPU.ActiveCfg = Debug|Any CPU
		{6499368B-AC02-40F4-80C8-02017934EB88}.Debug|Any CPU.Build.0 = Debug|Any CPU
		{6499368B-AC02-40F4-80C8-02017934EB88}.Release|Any CPU.ActiveCfg = Release|Any CPU
		{6499368B-AC02-40F4-80C8-02017934EB88}.Release|Any CPU.Build.0 = Release|Any CPU
	EndGlobalSection
	GlobalSection(SolutionProperties) = preSolution
		HideSolutionNode = FALSE
	EndGlobalSection
	GlobalSection(ExtensibilityGlobals) = postSolution
		SolutionGuid = {EE3ED8C0-0977-4FE4-913F-C829F9D8DE95}
	EndGlobalSection
EndGlobal
